// !$*UTF8*$!
{
	archiveVersion = 1;
	classes = {
	};
	objectVersion = 56;
	objects = {

/* Begin PBXBuildFile section */
		70064B1E2E2B591D00577CF6 /* Inter_28pt-Regular.ttf in Resources */ = {isa = PBXBuildFile; fileRef = 70064B1D2E2B591D00577CF6 /* Inter_28pt-Regular.ttf */; };
		70064B202E2B592600577CF6 /* Inter_28pt-Black.ttf in Resources */ = {isa = PBXBuildFile; fileRef = 70064B1F2E2B592600577CF6 /* Inter_28pt-Black.ttf */; };
		70064B222E2B592E00577CF6 /* Inter_28pt-ExtraBold.ttf in Resources */ = {isa = PBXBuildFile; fileRef = 70064B212E2B592E00577CF6 /* Inter_28pt-ExtraBold.ttf */; };
		70064B242E2B6B4300577CF6 /* Gilroy-ExtraBold 800.otf in Resources */ = {isa = PBXBuildFile; fileRef = 70064B232E2B6B4300577CF6 /* Gilroy-ExtraBold 800.otf */; };
		70064B262E2B6B5400577CF6 /* Gilroy-Light 300.otf in Resources */ = {isa = PBXBuildFile; fileRef = 70064B252E2B6B5400577CF6 /* Gilroy-Light 300.otf */; };
		701AE27D2E2961F80065ABB6 /* AisleAssignmentsApp.swift in Sources */ = {isa = PBXBuildFile; fileRef = 701AE27C2E2961F80065ABB6 /* AisleAssignmentsApp.swift */; };
		701AE27F2E2961F80065ABB6 /* ContentView.swift in Sources */ = {isa = PBXBuildFile; fileRef = 701AE27E2E2961F80065ABB6 /* ContentView.swift */; };
		701AE2812E2961F90065ABB6 /* Assets.xcassets in Resources */ = {isa = PBXBuildFile; fileRef = 701AE2802E2961F90065ABB6 /* Assets.xcassets */; };
		701AE2842E2961F90065ABB6 /* Preview Assets.xcassets in Resources */ = {isa = PBXBuildFile; fileRef = 701AE2832E2961F90065ABB6 /* Preview Assets.xcassets */; };
		701AE28E2E2961F90065ABB6 /* AisleAssignmentsTests.swift in Sources */ = {isa = PBXBuildFile; fileRef = 701AE28D2E2961F90065ABB6 /* AisleAssignmentsTests.swift */; };
		701AE2982E2961F90065ABB6 /* AisleAssignmentsUITests.swift in Sources */ = {isa = PBXBuildFile; fileRef = 701AE2972E2961F90065ABB6 /* AisleAssignmentsUITests.swift */; };
		701AE29A2E2961F90065ABB6 /* AisleAssignmentsUITestsLaunchTests.swift in Sources */ = {isa = PBXBuildFile; fileRef = 701AE2992E2961F90065ABB6 /* AisleAssignmentsUITestsLaunchTests.swift */; };
		701AE2A92E29633E0065ABB6 /* AuthResponse.swift in Sources */ = {isa = PBXBuildFile; fileRef = 701AE2A82E29633E0065ABB6 /* AuthResponse.swift */; };
		701AE2AC2E2963E40065ABB6 /* NetworkError.swift in Sources */ = {isa = PBXBuildFile; fileRef = 701AE2AB2E2963E40065ABB6 /* NetworkError.swift */; };
		701AE2AE2E2964000065ABB6 /* APIService.swift in Sources */ = {isa = PBXBuildFile; fileRef = 701AE2AD2E2964000065ABB6 /* APIService.swift */; };
		70ABF6042E2A003800C34148 /* Color.swift in Sources */ = {isa = PBXBuildFile; fileRef = 70ABF6032E2A003800C34148 /* Color.swift */; };
		70ABF6072E2A007200C34148 /* Font.swift in Sources */ = {isa = PBXBuildFile; fileRef = 70ABF6062E2A007200C34148 /* Font.swift */; };
		70ABF60B2E2A016200C34148 /* PhoneNumberView.swift in Sources */ = {isa = PBXBuildFile; fileRef = 70ABF60A2E2A016200C34148 /* PhoneNumberView.swift */; };
		70ABF60E2E2A019600C34148 /* AuthViewModel.swift in Sources */ = {isa = PBXBuildFile; fileRef = 70ABF60D2E2A019600C34148 /* AuthViewModel.swift */; };
		70ABF6132E2A0F8000C34148 /* OTPView.swift in Sources */ = {isa = PBXBuildFile; fileRef = 70ABF6122E2A0F8000C34148 /* OTPView.swift */; };
		70ABF6152E2A10F000C34148 /* OTPViewModel.swift in Sources */ = {isa = PBXBuildFile; fileRef = 70ABF6142E2A10F000C34148 /* OTPViewModel.swift */; };
		70ABF6172E2A133A00C34148 /* NotesView.swift in Sources */ = {isa = PBXBuildFile; fileRef = 70ABF6162E2A133A00C34148 /* NotesView.swift */; };
		70ABF6192E2A146400C34148 /* NotesViewModel.swift in Sources */ = {isa = PBXBuildFile; fileRef = 70ABF6182E2A146400C34148 /* NotesViewModel.swift */; };
		70ABF61B2E2A14DD00C34148 /* NotesResponse.swift in Sources */ = {isa = PBXBuildFile; fileRef = 70ABF61A2E2A14DD00C34148 /* NotesResponse.swift */; };
		70ABF61E2E2A26CC00C34148 /* TabItem.swift in Sources */ = {isa = PBXBuildFile; fileRef = 70ABF61D2E2A26CC00C34148 /* TabItem.swift */; };
		70ABF6222E2A639800C34148 /* NotesHeaderView.swift in Sources */ = {isa = PBXBuildFile; fileRef = 70ABF6212E2A639800C34148 /* NotesHeaderView.swift */; };
		70ABF6242E2A645900C34148 /* NotesProfileView.swift in Sources */ = {isa = PBXBuildFile; fileRef = 70ABF6232E2A645900C34148 /* NotesProfileView.swift */; };
		70ABF62A2E2A66A300C34148 /* View.swift in Sources */ = {isa = PBXBuildFile; fileRef = 70ABF6292E2A66A300C34148 /* View.swift */; };
		70ABF62C2E2A671200C34148 /* InfoSectionView.swift in Sources */ = {isa = PBXBuildFile; fileRef = 70ABF62B2E2A671200C34148 /* InfoSectionView.swift */; };
		70ABF62E2E2A6A7700C34148 /* NotesService.swift in Sources */ = {isa = PBXBuildFile; fileRef = 70ABF62D2E2A6A7700C34148 /* NotesService.swift */; };
		70ABF6332E2A6D8B00C34148 /* TabBarView.swift in Sources */ = {isa = PBXBuildFile; fileRef = 70ABF6322E2A6D8B00C34148 /* TabBarView.swift */; };
		70ABF6352E2A88E500C34148 /* OTPService.swift in Sources */ = {isa = PBXBuildFile; fileRef = 70ABF6342E2A88E500C34148 /* OTPService.swift */; };
		70ABF6442E2AAA2F00C34148 /* PrimaryButton.swift in Sources */ = {isa = PBXBuildFile; fileRef = 70ABF6432E2AAA2F00C34148 /* PrimaryButton.swift */; };
		70ABF6462E2AAB2900C34148 /* ErrorTextView.swift in Sources */ = {isa = PBXBuildFile; fileRef = 70ABF6452E2AAB2900C34148 /* ErrorTextView.swift */; };
		70ABF6482E2AABA100C34148 /* RoundedTextView.swift in Sources */ = {isa = PBXBuildFile; fileRef = 70ABF6472E2AABA100C34148 /* RoundedTextView.swift */; };
		70ABF64A2E2AB5F500C34148 /* OTPViewModelTests.swift in Sources */ = {isa = PBXBuildFile; fileRef = 70ABF6492E2AB5F500C34148 /* OTPViewModelTests.swift */; };
		70ABF64C2E2AB9DA00C34148 /* MockOTPService.swift in Sources */ = {isa = PBXBuildFile; fileRef = 70ABF64B2E2AB9DA00C34148 /* MockOTPService.swift */; };
		70ABF64E2E2ABCB700C34148 /* MockAuthService.swift in Sources */ = {isa = PBXBuildFile; fileRef = 70ABF64D2E2ABCB700C34148 /* MockAuthService.swift */; };
		70ABF6522E2ABD4000C34148 /* AuthViewModelTests.swift in Sources */ = {isa = PBXBuildFile; fileRef = 70ABF6512E2ABD4000C34148 /* AuthViewModelTests.swift */; };
		70ABF6542E2ABE1700C34148 /* MockNotesService.swift in Sources */ = {isa = PBXBuildFile; fileRef = 70ABF6532E2ABE1700C34148 /* MockNotesService.swift */; };
		70ABF6562E2ABE4900C34148 /* NotesViewModelTests.swift in Sources */ = {isa = PBXBuildFile; fileRef = 70ABF6552E2ABE4900C34148 /* NotesViewModelTests.swift */; };
/* End PBXBuildFile section */

/* Begin PBXContainerItemProxy section */
		701AE28A2E2961F90065ABB6 /* PBXContainerItemProxy */ = {
			isa = PBXContainerItemProxy;
			containerPortal = 701AE2712E2961F80065ABB6 /* Project object */;
			proxyType = 1;
			remoteGlobalIDString = 701AE2782E2961F80065ABB6;
			remoteInfo = AisleAssignments;
		};
		701AE2942E2961F90065ABB6 /* PBXContainerItemProxy */ = {
			isa = PBXContainerItemProxy;
			containerPortal = 701AE2712E2961F80065ABB6 /* Project object */;
			proxyType = 1;
			remoteGlobalIDString = 701AE2782E2961F80065ABB6;
			remoteInfo = AisleAssignments;
		};
/* End PBXContainerItemProxy section */

/* Begin PBXFileReference section */
		70064B1D2E2B591D00577CF6 /* Inter_28pt-Regular.ttf */ = {isa = PBXFileReference; lastKnownFileType = file; path = "Inter_28pt-Regular.ttf"; sourceTree = "<group>"; };
		70064B1F2E2B592600577CF6 /* Inter_28pt-Black.ttf */ = {isa = PBXFileReference; lastKnownFileType = file; path = "Inter_28pt-Black.ttf"; sourceTree = "<group>"; };
		70064B212E2B592E00577CF6 /* Inter_28pt-ExtraBold.ttf */ = {isa = PBXFileReference; lastKnownFileType = file; path = "Inter_28pt-ExtraBold.ttf"; sourceTree = "<group>"; };
		70064B232E2B6B4300577CF6 /* Gilroy-ExtraBold 800.otf */ = {isa = PBXFileReference; lastKnownFileType = file; path = "Gilroy-ExtraBold 800.otf"; sourceTree = "<group>"; };
		70064B252E2B6B5400577CF6 /* Gilroy-Light 300.otf */ = {isa = PBXFileReference; lastKnownFileType = file; path = "Gilroy-Light 300.otf"; sourceTree = "<group>"; };
		701AE2792E2961F80065ABB6 /* AisleAssignments.app */ = {isa = PBXFileReference; explicitFileType = wrapper.application; includeInIndex = 0; path = AisleAssignments.app; sourceTree = BUILT_PRODUCTS_DIR; };
		701AE27C2E2961F80065ABB6 /* AisleAssignmentsApp.swift */ = {isa = PBXFileReference; lastKnownFileType = sourcecode.swift; path = AisleAssignmentsApp.swift; sourceTree = "<group>"; };
		701AE27E2E2961F80065ABB6 /* ContentView.swift */ = {isa = PBXFileReference; lastKnownFileType = sourcecode.swift; path = ContentView.swift; sourceTree = "<group>"; };
		701AE2802E2961F90065ABB6 /* Assets.xcassets */ = {isa = PBXFileReference; lastKnownFileType = folder.assetcatalog; path = Assets.xcassets; sourceTree = "<group>"; };
		701AE2832E2961F90065ABB6 /* Preview Assets.xcassets */ = {isa = PBXFileReference; lastKnownFileType = folder.assetcatalog; path = "Preview Assets.xcassets"; sourceTree = "<group>"; };
		701AE2892E2961F90065ABB6 /* AisleAssignmentsTests.xctest */ = {isa = PBXFileReference; explicitFileType = wrapper.cfbundle; includeInIndex = 0; path = AisleAssignmentsTests.xctest; sourceTree = BUILT_PRODUCTS_DIR; };
		701AE28D2E2961F90065ABB6 /* AisleAssignmentsTests.swift */ = {isa = PBXFileReference; lastKnownFileType = sourcecode.swift; path = AisleAssignmentsTests.swift; sourceTree = "<group>"; };
		701AE2932E2961F90065ABB6 /* AisleAssignmentsUITests.xctest */ = {isa = PBXFileReference; explicitFileType = wrapper.cfbundle; includeInIndex = 0; path = AisleAssignmentsUITests.xctest; sourceTree = BUILT_PRODUCTS_DIR; };
		701AE2972E2961F90065ABB6 /* AisleAssignmentsUITests.swift */ = {isa = PBXFileReference; lastKnownFileType = sourcecode.swift; path = AisleAssignmentsUITests.swift; sourceTree = "<group>"; };
		701AE2992E2961F90065ABB6 /* AisleAssignmentsUITestsLaunchTests.swift */ = {isa = PBXFileReference; lastKnownFileType = sourcecode.swift; path = AisleAssignmentsUITestsLaunchTests.swift; sourceTree = "<group>"; };
		701AE2A82E29633E0065ABB6 /* AuthResponse.swift */ = {isa = PBXFileReference; lastKnownFileType = sourcecode.swift; path = AuthResponse.swift; sourceTree = "<group>"; };
		701AE2AB2E2963E40065ABB6 /* NetworkError.swift */ = {isa = PBXFileReference; lastKnownFileType = sourcecode.swift; path = NetworkError.swift; sourceTree = "<group>"; };
		701AE2AD2E2964000065ABB6 /* APIService.swift */ = {isa = PBXFileReference; lastKnownFileType = sourcecode.swift; path = APIService.swift; sourceTree = "<group>"; };
		70ABF6032E2A003800C34148 /* Color.swift */ = {isa = PBXFileReference; lastKnownFileType = sourcecode.swift; path = Color.swift; sourceTree = "<group>"; };
		70ABF6062E2A007200C34148 /* Font.swift */ = {isa = PBXFileReference; lastKnownFileType = sourcecode.swift; path = Font.swift; sourceTree = "<group>"; };
		70ABF60A2E2A016200C34148 /* PhoneNumberView.swift */ = {isa = PBXFileReference; lastKnownFileType = sourcecode.swift; path = PhoneNumberView.swift; sourceTree = "<group>"; };
		70ABF60D2E2A019600C34148 /* AuthViewModel.swift */ = {isa = PBXFileReference; lastKnownFileType = sourcecode.swift; path = AuthViewModel.swift; sourceTree = "<group>"; };
		70ABF6122E2A0F8000C34148 /* OTPView.swift */ = {isa = PBXFileReference; lastKnownFileType = sourcecode.swift; path = OTPView.swift; sourceTree = "<group>"; };
		70ABF6142E2A10F000C34148 /* OTPViewModel.swift */ = {isa = PBXFileReference; lastKnownFileType = sourcecode.swift; path = OTPViewModel.swift; sourceTree = "<group>"; };
		70ABF6162E2A133A00C34148 /* NotesView.swift */ = {isa = PBXFileReference; lastKnownFileType = sourcecode.swift; path = NotesView.swift; sourceTree = "<group>"; };
		70ABF6182E2A146400C34148 /* NotesViewModel.swift */ = {isa = PBXFileReference; lastKnownFileType = sourcecode.swift; path = NotesViewModel.swift; sourceTree = "<group>"; };
		70ABF61A2E2A14DD00C34148 /* NotesResponse.swift */ = {isa = PBXFileReference; lastKnownFileType = sourcecode.swift; path = NotesResponse.swift; sourceTree = "<group>"; };
		70ABF61D2E2A26CC00C34148 /* TabItem.swift */ = {isa = PBXFileReference; lastKnownFileType = sourcecode.swift; path = TabItem.swift; sourceTree = "<group>"; };
		70ABF6212E2A639800C34148 /* NotesHeaderView.swift */ = {isa = PBXFileReference; lastKnownFileType = sourcecode.swift; path = NotesHeaderView.swift; sourceTree = "<group>"; };
		70ABF6232E2A645900C34148 /* NotesProfileView.swift */ = {isa = PBXFileReference; lastKnownFileType = sourcecode.swift; path = NotesProfileView.swift; sourceTree = "<group>"; };
		70ABF6292E2A66A300C34148 /* View.swift */ = {isa = PBXFileReference; lastKnownFileType = sourcecode.swift; path = View.swift; sourceTree = "<group>"; };
		70ABF62B2E2A671200C34148 /* InfoSectionView.swift */ = {isa = PBXFileReference; lastKnownFileType = sourcecode.swift; path = InfoSectionView.swift; sourceTree = "<group>"; };
		70ABF62D2E2A6A7700C34148 /* NotesService.swift */ = {isa = PBXFileReference; lastKnownFileType = sourcecode.swift; path = NotesService.swift; sourceTree = "<group>"; };
		70ABF6322E2A6D8B00C34148 /* TabBarView.swift */ = {isa = PBXFileReference; lastKnownFileType = sourcecode.swift; path = TabBarView.swift; sourceTree = "<group>"; };
		70ABF6342E2A88E500C34148 /* OTPService.swift */ = {isa = PBXFileReference; lastKnownFileType = sourcecode.swift; path = OTPService.swift; sourceTree = "<group>"; };
		70ABF6432E2AAA2F00C34148 /* PrimaryButton.swift */ = {isa = PBXFileReference; lastKnownFileType = sourcecode.swift; path = PrimaryButton.swift; sourceTree = "<group>"; };
		70ABF6452E2AAB2900C34148 /* ErrorTextView.swift */ = {isa = PBXFileReference; lastKnownFileType = sourcecode.swift; path = ErrorTextView.swift; sourceTree = "<group>"; };
		70ABF6472E2AABA100C34148 /* RoundedTextView.swift */ = {isa = PBXFileReference; lastKnownFileType = sourcecode.swift; path = RoundedTextView.swift; sourceTree = "<group>"; };
		70ABF6492E2AB5F500C34148 /* OTPViewModelTests.swift */ = {isa = PBXFileReference; lastKnownFileType = sourcecode.swift; path = OTPViewModelTests.swift; sourceTree = "<group>"; };
		70ABF64B2E2AB9DA00C34148 /* MockOTPService.swift */ = {isa = PBXFileReference; lastKnownFileType = sourcecode.swift; path = MockOTPService.swift; sourceTree = "<group>"; };
		70ABF64D2E2ABCB700C34148 /* MockAuthService.swift */ = {isa = PBXFileReference; lastKnownFileType = sourcecode.swift; path = MockAuthService.swift; sourceTree = "<group>"; };
		70ABF6512E2ABD4000C34148 /* AuthViewModelTests.swift */ = {isa = PBXFileReference; lastKnownFileType = sourcecode.swift; path = AuthViewModelTests.swift; sourceTree = "<group>"; };
		70ABF6532E2ABE1700C34148 /* MockNotesService.swift */ = {isa = PBXFileReference; lastKnownFileType = sourcecode.swift; path = MockNotesService.swift; sourceTree = "<group>"; };
		70ABF6552E2ABE4900C34148 /* NotesViewModelTests.swift */ = {isa = PBXFileReference; lastKnownFileType = sourcecode.swift; path = NotesViewModelTests.swift; sourceTree = "<group>"; };
		70ABF6572E2AC52C00C34148 /* Info.plist */ = {isa = PBXFileReference; lastKnownFileType = text.plist; path = Info.plist; sourceTree = "<group>"; };
/* End PBXFileReference section */

/* Begin PBXFrameworksBuildPhase section */
		701AE2762E2961F80065ABB6 /* Frameworks */ = {
			isa = PBXFrameworksBuildPhase;
			buildActionMask = 2147483647;
			files = (
			);
			runOnlyForDeploymentPostprocessing = 0;
		};
		701AE2862E2961F90065ABB6 /* Frameworks */ = {
			isa = PBXFrameworksBuildPhase;
			buildActionMask = 2147483647;
			files = (
			);
			runOnlyForDeploymentPostprocessing = 0;
		};
		701AE2902E2961F90065ABB6 /* Frameworks */ = {
			isa = PBXFrameworksBuildPhase;
			buildActionMask = 2147483647;
			files = (
			);
			runOnlyForDeploymentPostprocessing = 0;
		};
/* End PBXFrameworksBuildPhase section */

/* Begin PBXGroup section */
		701AE2702E2961F80065ABB6 = {
			isa = PBXGroup;
			children = (
				701AE27B2E2961F80065ABB6 /* AisleAssignments */,
				701AE28C2E2961F90065ABB6 /* AisleAssignmentsTests */,
				701AE2962E2961F90065ABB6 /* AisleAssignmentsUITests */,
				701AE27A2E2961F80065ABB6 /* Products */,
			);
			sourceTree = "<group>";
		};
		701AE27A2E2961F80065ABB6 /* Products */ = {
			isa = PBXGroup;
			children = (
				701AE2792E2961F80065ABB6 /* AisleAssignments.app */,
				701AE2892E2961F90065ABB6 /* AisleAssignmentsTests.xctest */,
				701AE2932E2961F90065ABB6 /* AisleAssignmentsUITests.xctest */,
			);
			name = Products;
			sourceTree = "<group>";
		};
		701AE27B2E2961F80065ABB6 /* AisleAssignments */ = {
			isa = PBXGroup;
			children = (
				70ABF6572E2AC52C00C34148 /* Info.plist */,
				701AE2A62E2962AC0065ABB6 /* Models */,
				701AE2AA2E2963A50065ABB6 /* Network */,
				70ABF60C2E2A017100C34148 /* ViewModels */,
				70ABF6092E2A013700C34148 /* Views */,
				701AE27E2E2961F80065ABB6 /* ContentView.swift */,
				701AE27C2E2961F80065ABB6 /* AisleAssignmentsApp.swift */,
				701AE2802E2961F90065ABB6 /* Assets.xcassets */,
				70ABF60F2E2A03CC00C34148 /* Resource */,
				70ABF6012E29FFFE00C34148 /* Utilities */,
				701AE2822E2961F90065ABB6 /* Preview Content */,
			);
			path = AisleAssignments;
			sourceTree = "<group>";
		};
		701AE2822E2961F90065ABB6 /* Preview Content */ = {
			isa = PBXGroup;
			children = (
				701AE2832E2961F90065ABB6 /* Preview Assets.xcassets */,
			);
			path = "Preview Content";
			sourceTree = "<group>";
		};
		701AE28C2E2961F90065ABB6 /* AisleAssignmentsTests */ = {
			isa = PBXGroup;
			children = (
				70ABF6502E2ABD0E00C34148 /* MockModelTests */,
				70ABF64F2E2ABCE200C34148 /* MockService */,
				701AE28D2E2961F90065ABB6 /* AisleAssignmentsTests.swift */,
			);
			path = AisleAssignmentsTests;
			sourceTree = "<group>";
		};
		701AE2962E2961F90065ABB6 /* AisleAssignmentsUITests */ = {
			isa = PBXGroup;
			children = (
				701AE2972E2961F90065ABB6 /* AisleAssignmentsUITests.swift */,
				701AE2992E2961F90065ABB6 /* AisleAssignmentsUITestsLaunchTests.swift */,
			);
			path = AisleAssignmentsUITests;
			sourceTree = "<group>";
		};
		701AE2A62E2962AC0065ABB6 /* Models */ = {
			isa = PBXGroup;
			children = (
				701AE2A82E29633E0065ABB6 /* AuthResponse.swift */,
				70ABF61A2E2A14DD00C34148 /* NotesResponse.swift */,
			);
			path = Models;
			sourceTree = "<group>";
		};
		701AE2AA2E2963A50065ABB6 /* Network */ = {
			isa = PBXGroup;
			children = (
				701AE2AB2E2963E40065ABB6 /* NetworkError.swift */,
				701AE2AD2E2964000065ABB6 /* APIService.swift */,
				70ABF62D2E2A6A7700C34148 /* NotesService.swift */,
				70ABF6342E2A88E500C34148 /* OTPService.swift */,
			);
			path = Network;
			sourceTree = "<group>";
		};
		70ABF6012E29FFFE00C34148 /* Utilities */ = {
			isa = PBXGroup;
			children = (
				70ABF6282E2A668B00C34148 /* View+Extension */,
				70ABF6022E2A001200C34148 /* Color+Extension */,
				70ABF6052E2A004D00C34148 /* Font+Extension */,
			);
			path = Utilities;
			sourceTree = "<group>";
		};
		70ABF6022E2A001200C34148 /* Color+Extension */ = {
			isa = PBXGroup;
			children = (
				70ABF6032E2A003800C34148 /* Color.swift */,
			);
			path = "Color+Extension";
			sourceTree = "<group>";
		};
		70ABF6052E2A004D00C34148 /* Font+Extension */ = {
			isa = PBXGroup;
			children = (
				70ABF6062E2A007200C34148 /* Font.swift */,
			);
			path = "Font+Extension";
			sourceTree = "<group>";
		};
		70ABF6092E2A013700C34148 /* Views */ = {
			isa = PBXGroup;
			children = (
				70ABF6372E2A95FC00C34148 /* PhoneNumber */,
				70ABF6362E2A916700C34148 /* OTP */,
				70ABF61F2E2A636300C34148 /* Notes */,
				70ABF62F2E2A6C8300C34148 /* Shared */,
			);
			path = Views;
			sourceTree = "<group>";
		};
		70ABF60C2E2A017100C34148 /* ViewModels */ = {
			isa = PBXGroup;
			children = (
				70ABF60D2E2A019600C34148 /* AuthViewModel.swift */,
				70ABF6142E2A10F000C34148 /* OTPViewModel.swift */,
				70ABF6182E2A146400C34148 /* NotesViewModel.swift */,
			);
			path = ViewModels;
			sourceTree = "<group>";
		};
		70ABF60F2E2A03CC00C34148 /* Resource */ = {
			isa = PBXGroup;
			children = (
				70ABF6102E2A03E100C34148 /* Font */,
			);
			path = Resource;
			sourceTree = "<group>";
		};
		70ABF6102E2A03E100C34148 /* Font */ = {
			isa = PBXGroup;
			children = (
				70064B252E2B6B5400577CF6 /* Gilroy-Light 300.otf */,
				70064B232E2B6B4300577CF6 /* Gilroy-ExtraBold 800.otf */,
				70064B212E2B592E00577CF6 /* Inter_28pt-ExtraBold.ttf */,
				70064B1F2E2B592600577CF6 /* Inter_28pt-Black.ttf */,
				70064B1D2E2B591D00577CF6 /* Inter_28pt-Regular.ttf */,
			);
			path = Font;
			sourceTree = "<group>";
		};
		70ABF61F2E2A636300C34148 /* Notes */ = {
			isa = PBXGroup;
			children = (
				70ABF6162E2A133A00C34148 /* NotesView.swift */,
				70ABF6202E2A638000C34148 /* Components */,
			);
			path = Notes;
			sourceTree = "<group>";
		};
		70ABF6202E2A638000C34148 /* Components */ = {
			isa = PBXGroup;
			children = (
				70ABF6212E2A639800C34148 /* NotesHeaderView.swift */,
				70ABF6232E2A645900C34148 /* NotesProfileView.swift */,
				70ABF62B2E2A671200C34148 /* InfoSectionView.swift */,
			);
			path = Components;
			sourceTree = "<group>";
		};
		70ABF6282E2A668B00C34148 /* View+Extension */ = {
			isa = PBXGroup;
			children = (
				70ABF6292E2A66A300C34148 /* View.swift */,
			);
			path = "View+Extension";
			sourceTree = "<group>";
		};
		70ABF62F2E2A6C8300C34148 /* Shared */ = {
			isa = PBXGroup;
			children = (
				70ABF6472E2AABA100C34148 /* RoundedTextView.swift */,
				70ABF6432E2AAA2F00C34148 /* PrimaryButton.swift */,
				70ABF6452E2AAB2900C34148 /* ErrorTextView.swift */,
				70ABF6312E2A6CAF00C34148 /* Tab Bar */,
			);
			path = Shared;
			sourceTree = "<group>";
		};
		70ABF6312E2A6CAF00C34148 /* Tab Bar */ = {
			isa = PBXGroup;
			children = (
				70ABF61D2E2A26CC00C34148 /* TabItem.swift */,
				70ABF6322E2A6D8B00C34148 /* TabBarView.swift */,
			);
			path = "Tab Bar";
			sourceTree = "<group>";
		};
		70ABF6362E2A916700C34148 /* OTP */ = {
			isa = PBXGroup;
			children = (
				70ABF6122E2A0F8000C34148 /* OTPView.swift */,
			);
			path = OTP;
			sourceTree = "<group>";
		};
		70ABF6372E2A95FC00C34148 /* PhoneNumber */ = {
			isa = PBXGroup;
			children = (
				70ABF60A2E2A016200C34148 /* PhoneNumberView.swift */,
			);
			path = PhoneNumber;
			sourceTree = "<group>";
		};
		70ABF64F2E2ABCE200C34148 /* MockService */ = {
			isa = PBXGroup;
			children = (
				70ABF64D2E2ABCB700C34148 /* MockAuthService.swift */,
				70ABF64B2E2AB9DA00C34148 /* MockOTPService.swift */,
				70ABF6532E2ABE1700C34148 /* MockNotesService.swift */,
			);
			path = MockService;
			sourceTree = "<group>";
		};
		70ABF6502E2ABD0E00C34148 /* MockModelTests */ = {
			isa = PBXGroup;
			children = (
				70ABF6492E2AB5F500C34148 /* OTPViewModelTests.swift */,
				70ABF6512E2ABD4000C34148 /* AuthViewModelTests.swift */,
				70ABF6552E2ABE4900C34148 /* NotesViewModelTests.swift */,
			);
			path = MockModelTests;
			sourceTree = "<group>";
		};
/* End PBXGroup section */

/* Begin PBXNativeTarget section */
		701AE2782E2961F80065ABB6 /* AisleAssignments */ = {
			isa = PBXNativeTarget;
			buildConfigurationList = 701AE29D2E2961F90065ABB6 /* Build configuration list for PBXNativeTarget "AisleAssignments" */;
			buildPhases = (
				701AE2752E2961F80065ABB6 /* Sources */,
				701AE2762E2961F80065ABB6 /* Frameworks */,
				701AE2772E2961F80065ABB6 /* Resources */,
			);
			buildRules = (
			);
			dependencies = (
			);
			name = AisleAssignments;
			productName = AisleAssignments;
			productReference = 701AE2792E2961F80065ABB6 /* AisleAssignments.app */;
			productType = "com.apple.product-type.application";
		};
		701AE2882E2961F90065ABB6 /* AisleAssignmentsTests */ = {
			isa = PBXNativeTarget;
			buildConfigurationList = 701AE2A02E2961F90065ABB6 /* Build configuration list for PBXNativeTarget "AisleAssignmentsTests" */;
			buildPhases = (
				701AE2852E2961F90065ABB6 /* Sources */,
				701AE2862E2961F90065ABB6 /* Frameworks */,
				701AE2872E2961F90065ABB6 /* Resources */,
			);
			buildRules = (
			);
			dependencies = (
				701AE28B2E2961F90065ABB6 /* PBXTargetDependency */,
			);
			name = AisleAssignmentsTests;
			productName = AisleAssignmentsTests;
			productReference = 701AE2892E2961F90065ABB6 /* AisleAssignmentsTests.xctest */;
			productType = "com.apple.product-type.bundle.unit-test";
		};
		701AE2922E2961F90065ABB6 /* AisleAssignmentsUITests */ = {
			isa = PBXNativeTarget;
			buildConfigurationList = 701AE2A32E2961F90065ABB6 /* Build configuration list for PBXNativeTarget "AisleAssignmentsUITests" */;
			buildPhases = (
				701AE28F2E2961F90065ABB6 /* Sources */,
				701AE2902E2961F90065ABB6 /* Frameworks */,
				701AE2912E2961F90065ABB6 /* Resources */,
			);
			buildRules = (
			);
			dependencies = (
				701AE2952E2961F90065ABB6 /* PBXTargetDependency */,
			);
			name = AisleAssignmentsUITests;
			productName = AisleAssignmentsUITests;
			productReference = 701AE2932E2961F90065ABB6 /* AisleAssignmentsUITests.xctest */;
			productType = "com.apple.product-type.bundle.ui-testing";
		};
/* End PBXNativeTarget section */

/* Begin PBXProject section */
		701AE2712E2961F80065ABB6 /* Project object */ = {
			isa = PBXProject;
			attributes = {
				BuildIndependentTargetsInParallel = 1;
				LastSwiftUpdateCheck = 1510;
				LastUpgradeCheck = 1510;
				TargetAttributes = {
					701AE2782E2961F80065ABB6 = {
						CreatedOnToolsVersion = 15.1;
					};
					701AE2882E2961F90065ABB6 = {
						CreatedOnToolsVersion = 15.1;
						TestTargetID = 701AE2782E2961F80065ABB6;
					};
					701AE2922E2961F90065ABB6 = {
						CreatedOnToolsVersion = 15.1;
						TestTargetID = 701AE2782E2961F80065ABB6;
					};
				};
			};
			buildConfigurationList = 701AE2742E2961F80065ABB6 /* Build configuration list for PBXProject "AisleAssignments" */;
			compatibilityVersion = "Xcode 14.0";
			developmentRegion = en;
			hasScannedForEncodings = 0;
			knownRegions = (
				en,
				Base,
			);
			mainGroup = 701AE2702E2961F80065ABB6;
			productRefGroup = 701AE27A2E2961F80065ABB6 /* Products */;
			projectDirPath = "";
			projectRoot = "";
			targets = (
				701AE2782E2961F80065ABB6 /* AisleAssignments */,
				701AE2882E2961F90065ABB6 /* AisleAssignmentsTests */,
				701AE2922E2961F90065ABB6 /* AisleAssignmentsUITests */,
			);
		};
/* End PBXProject section */

/* Begin PBXResourcesBuildPhase section */
		701AE2772E2961F80065ABB6 /* Resources */ = {
			isa = PBXResourcesBuildPhase;
			buildActionMask = 2147483647;
			files = (
				70064B222E2B592E00577CF6 /* Inter_28pt-ExtraBold.ttf in Resources */,
				70064B242E2B6B4300577CF6 /* Gilroy-ExtraBold 800.otf in Resources */,
				70064B262E2B6B5400577CF6 /* Gilroy-Light 300.otf in Resources */,
				701AE2842E2961F90065ABB6 /* Preview Assets.xcassets in Resources */,
				70064B202E2B592600577CF6 /* Inter_28pt-Black.ttf in Resources */,
				70064B1E2E2B591D00577CF6 /* Inter_28pt-Regular.ttf in Resources */,
				701AE2812E2961F90065ABB6 /* Assets.xcassets in Resources */,
			);
			runOnlyForDeploymentPostprocessing = 0;
		};
		701AE2872E2961F90065ABB6 /* Resources */ = {
			isa = PBXResourcesBuildPhase;
			buildActionMask = 2147483647;
			files = (
			);
			runOnlyForDeploymentPostprocessing = 0;
		};
		701AE2912E2961F90065ABB6 /* Resources */ = {
			isa = PBXResourcesBuildPhase;
			buildActionMask = 2147483647;
			files = (
			);
			runOnlyForDeploymentPostprocessing = 0;
		};
/* End PBXResourcesBuildPhase section */

/* Begin PBXSourcesBuildPhase section */
		701AE2752E2961F80065ABB6 /* Sources */ = {
			isa = PBXSourcesBuildPhase;
			buildActionMask = 2147483647;
			files = (
				70ABF61B2E2A14DD00C34148 /* NotesResponse.swift in Sources */,
				701AE2AC2E2963E40065ABB6 /* NetworkError.swift in Sources */,
				701AE2AE2E2964000065ABB6 /* APIService.swift in Sources */,
				70ABF6172E2A133A00C34148 /* NotesView.swift in Sources */,
				70ABF62C2E2A671200C34148 /* InfoSectionView.swift in Sources */,
				70ABF6192E2A146400C34148 /* NotesViewModel.swift in Sources */,
				70ABF6072E2A007200C34148 /* Font.swift in Sources */,
				701AE27F2E2961F80065ABB6 /* ContentView.swift in Sources */,
				70ABF6462E2AAB2900C34148 /* ErrorTextView.swift in Sources */,
				70ABF6152E2A10F000C34148 /* OTPViewModel.swift in Sources */,
				70ABF61E2E2A26CC00C34148 /* TabItem.swift in Sources */,
				701AE2A92E29633E0065ABB6 /* AuthResponse.swift in Sources */,
				701AE27D2E2961F80065ABB6 /* AisleAssignmentsApp.swift in Sources */,
				70ABF6132E2A0F8000C34148 /* OTPView.swift in Sources */,
				70ABF62E2E2A6A7700C34148 /* NotesService.swift in Sources */,
				70ABF60B2E2A016200C34148 /* PhoneNumberView.swift in Sources */,
				70ABF6242E2A645900C34148 /* NotesProfileView.swift in Sources */,
				70ABF6332E2A6D8B00C34148 /* TabBarView.swift in Sources */,
				70ABF62A2E2A66A300C34148 /* View.swift in Sources */,
				70ABF6482E2AABA100C34148 /* RoundedTextView.swift in Sources */,
				70ABF6222E2A639800C34148 /* NotesHeaderView.swift in Sources */,
				70ABF6352E2A88E500C34148 /* OTPService.swift in Sources */,
				70ABF6442E2AAA2F00C34148 /* PrimaryButton.swift in Sources */,
				70ABF6042E2A003800C34148 /* Color.swift in Sources */,
				70ABF60E2E2A019600C34148 /* AuthViewModel.swift in Sources */,
			);
			runOnlyForDeploymentPostprocessing = 0;
		};
		701AE2852E2961F90065ABB6 /* Sources */ = {
			isa = PBXSourcesBuildPhase;
			buildActionMask = 2147483647;
			files = (
				70ABF64A2E2AB5F500C34148 /* OTPViewModelTests.swift in Sources */,
				70ABF6562E2ABE4900C34148 /* NotesViewModelTests.swift in Sources */,
				70ABF64E2E2ABCB700C34148 /* MockAuthService.swift in Sources */,
				701AE28E2E2961F90065ABB6 /* AisleAssignmentsTests.swift in Sources */,
				70ABF6522E2ABD4000C34148 /* AuthViewModelTests.swift in Sources */,
				70ABF64C2E2AB9DA00C34148 /* MockOTPService.swift in Sources */,
				70ABF6542E2ABE1700C34148 /* MockNotesService.swift in Sources */,
			);
			runOnlyForDeploymentPostprocessing = 0;
		};
		701AE28F2E2961F90065ABB6 /* Sources */ = {
			isa = PBXSourcesBuildPhase;
			buildActionMask = 2147483647;
			files = (
				701AE29A2E2961F90065ABB6 /* AisleAssignmentsUITestsLaunchTests.swift in Sources */,
				701AE2982E2961F90065ABB6 /* AisleAssignmentsUITests.swift in Sources */,
			);
			runOnlyForDeploymentPostprocessing = 0;
		};
/* End PBXSourcesBuildPhase section */

/* Begin PBXTargetDependency section */
		701AE28B2E2961F90065ABB6 /* PBXTargetDependency */ = {
			isa = PBXTargetDependency;
			target = 701AE2782E2961F80065ABB6 /* AisleAssignments */;
			targetProxy = 701AE28A2E2961F90065ABB6 /* PBXContainerItemProxy */;
		};
		701AE2952E2961F90065ABB6 /* PBXTargetDependency */ = {
			isa = PBXTargetDependency;
			target = 701AE2782E2961F80065ABB6 /* AisleAssignments */;
			targetProxy = 701AE2942E2961F90065ABB6 /* PBXContainerItemProxy */;
		};
/* End PBXTargetDependency section */

/* Begin XCBuildConfiguration section */
		701AE29B2E2961F90065ABB6 /* Debug */ = {
			isa = XCBuildConfiguration;
			buildSettings = {
				ALWAYS_SEARCH_USER_PATHS = NO;
				ASSETCATALOG_COMPILER_GENERATE_SWIFT_ASSET_SYMBOL_EXTENSIONS = YES;
				CLANG_ANALYZER_NONNULL = YES;
				CLANG_ANALYZER_NUMBER_OBJECT_CONVERSION = YES_AGGRESSIVE;
				CLANG_CXX_LANGUAGE_STANDARD = "gnu++20";
				CLANG_ENABLE_MODULES = YES;
				CLANG_ENABLE_OBJC_ARC = YES;
				CLANG_ENABLE_OBJC_WEAK = YES;
				CLANG_WARN_BLOCK_CAPTURE_AUTORELEASING = YES;
				CLANG_WARN_BOOL_CONVERSION = YES;
				CLANG_WARN_COMMA = YES;
				CLANG_WARN_CONSTANT_CONVERSION = YES;
				CLANG_WARN_DEPRECATED_OBJC_IMPLEMENTATIONS = YES;
				CLANG_WARN_DIRECT_OBJC_ISA_USAGE = YES_ERROR;
				CLANG_WARN_DOCUMENTATION_COMMENTS = YES;
				CLANG_WARN_EMPTY_BODY = YES;
				CLANG_WARN_ENUM_CONVERSION = YES;
				CLANG_WARN_INFINITE_RECURSION = YES;
				CLANG_WARN_INT_CONVERSION = YES;
				CLANG_WARN_NON_LITERAL_NULL_CONVERSION = YES;
				CLANG_WARN_OBJC_IMPLICIT_RETAIN_SELF = YES;
				CLANG_WARN_OBJC_LITERAL_CONVERSION = YES;
				CLANG_WARN_OBJC_ROOT_CLASS = YES_ERROR;
				CLANG_WARN_QUOTED_INCLUDE_IN_FRAMEWORK_HEADER = YES;
				CLANG_WARN_RANGE_LOOP_ANALYSIS = YES;
				CLANG_WARN_STRICT_PROTOTYPES = YES;
				CLANG_WARN_SUSPICIOUS_MOVE = YES;
				CLANG_WARN_UNGUARDED_AVAILABILITY = YES_AGGRESSIVE;
				CLANG_WARN_UNREACHABLE_CODE = YES;
				CLANG_WARN__DUPLICATE_METHOD_MATCH = YES;
				COPY_PHASE_STRIP = NO;
				DEBUG_INFORMATION_FORMAT = dwarf;
				ENABLE_STRICT_OBJC_MSGSEND = YES;
				ENABLE_TESTABILITY = YES;
				ENABLE_USER_SCRIPT_SANDBOXING = YES;
				GCC_C_LANGUAGE_STANDARD = gnu17;
				GCC_DYNAMIC_NO_PIC = NO;
				GCC_NO_COMMON_BLOCKS = YES;
				GCC_OPTIMIZATION_LEVEL = 0;
				GCC_PREPROCESSOR_DEFINITIONS = (
					"DEBUG=1",
					"$(inherited)",
				);
				GCC_WARN_64_TO_32_BIT_CONVERSION = YES;
				GCC_WARN_ABOUT_RETURN_TYPE = YES_ERROR;
				GCC_WARN_UNDECLARED_SELECTOR = YES;
				GCC_WARN_UNINITIALIZED_AUTOS = YES_AGGRESSIVE;
				GCC_WARN_UNUSED_FUNCTION = YES;
				GCC_WARN_UNUSED_VARIABLE = YES;
				IPHONEOS_DEPLOYMENT_TARGET = 17.2;
				LOCALIZATION_PREFERS_STRING_CATALOGS = YES;
				MTL_ENABLE_DEBUG_INFO = INCLUDE_SOURCE;
				MTL_FAST_MATH = YES;
				ONLY_ACTIVE_ARCH = YES;
				SDKROOT = iphoneos;
				SWIFT_ACTIVE_COMPILATION_CONDITIONS = "DEBUG $(inherited)";
				SWIFT_OPTIMIZATION_LEVEL = "-Onone";
			};
			name = Debug;
		};
		701AE29C2E2961F90065ABB6 /* Release */ = {
			isa = XCBuildConfiguration;
			buildSettings = {
				ALWAYS_SEARCH_USER_PATHS = NO;
				ASSETCATALOG_COMPILER_GENERATE_SWIFT_ASSET_SYMBOL_EXTENSIONS = YES;
				CLANG_ANALYZER_NONNULL = YES;
				CLANG_ANALYZER_NUMBER_OBJECT_CONVERSION = YES_AGGRESSIVE;
				CLANG_CXX_LANGUAGE_STANDARD = "gnu++20";
				CLANG_ENABLE_MODULES = YES;
				CLANG_ENABLE_OBJC_ARC = YES;
				CLANG_ENABLE_OBJC_WEAK = YES;
				CLANG_WARN_BLOCK_CAPTURE_AUTORELEASING = YES;
				CLANG_WARN_BOOL_CONVERSION = YES;
				CLANG_WARN_COMMA = YES;
				CLANG_WARN_CONSTANT_CONVERSION = YES;
				CLANG_WARN_DEPRECATED_OBJC_IMPLEMENTATIONS = YES;
				CLANG_WARN_DIRECT_OBJC_ISA_USAGE = YES_ERROR;
				CLANG_WARN_DOCUMENTATION_COMMENTS = YES;
				CLANG_WARN_EMPTY_BODY = YES;
				CLANG_WARN_ENUM_CONVERSION = YES;
				CLANG_WARN_INFINITE_RECURSION = YES;
				CLANG_WARN_INT_CONVERSION = YES;
				CLANG_WARN_NON_LITERAL_NULL_CONVERSION = YES;
				CLANG_WARN_OBJC_IMPLICIT_RETAIN_SELF = YES;
				CLANG_WARN_OBJC_LITERAL_CONVERSION = YES;
				CLANG_WARN_OBJC_ROOT_CLASS = YES_ERROR;
				CLANG_WARN_QUOTED_INCLUDE_IN_FRAMEWORK_HEADER = YES;
				CLANG_WARN_RANGE_LOOP_ANALYSIS = YES;
				CLANG_WARN_STRICT_PROTOTYPES = YES;
				CLANG_WARN_SUSPICIOUS_MOVE = YES;
				CLANG_WARN_UNGUARDED_AVAILABILITY = YES_AGGRESSIVE;
				CLANG_WARN_UNREACHABLE_CODE = YES;
				CLANG_WARN__DUPLICATE_METHOD_MATCH = YES;
				COPY_PHASE_STRIP = NO;
				DEBUG_INFORMATION_FORMAT = "dwarf-with-dsym";
				ENABLE_NS_ASSERTIONS = NO;
				ENABLE_STRICT_OBJC_MSGSEND = YES;
				ENABLE_USER_SCRIPT_SANDBOXING = YES;
				GCC_C_LANGUAGE_STANDARD = gnu17;
				GCC_NO_COMMON_BLOCKS = YES;
				GCC_WARN_64_TO_32_BIT_CONVERSION = YES;
				GCC_WARN_ABOUT_RETURN_TYPE = YES_ERROR;
				GCC_WARN_UNDECLARED_SELECTOR = YES;
				GCC_WARN_UNINITIALIZED_AUTOS = YES_AGGRESSIVE;
				GCC_WARN_UNUSED_FUNCTION = YES;
				GCC_WARN_UNUSED_VARIABLE = YES;
				IPHONEOS_DEPLOYMENT_TARGET = 17.2;
				LOCALIZATION_PREFERS_STRING_CATALOGS = YES;
				MTL_ENABLE_DEBUG_INFO = NO;
				MTL_FAST_MATH = YES;
				SDKROOT = iphoneos;
				SWIFT_COMPILATION_MODE = wholemodule;
				VALIDATE_PRODUCT = YES;
			};
			name = Release;
		};
		701AE29E2E2961F90065ABB6 /* Debug */ = {
			isa = XCBuildConfiguration;
			buildSettings = {
				ASSETCATALOG_COMPILER_APPICON_NAME = AppIcon;
				ASSETCATALOG_COMPILER_GLOBAL_ACCENT_COLOR_NAME = AccentColor;
				CODE_SIGN_STYLE = Automatic;
				CURRENT_PROJECT_VERSION = 1;
				DEVELOPMENT_ASSET_PATHS = "\"AisleAssignments/Preview Content\"";
				DEVELOPMENT_TEAM = H7R28ZNW4Y;
				ENABLE_PREVIEWS = YES;
				GENERATE_INFOPLIST_FILE = YES;
				INFOPLIST_FILE = AisleAssignments/Info.plist;
				INFOPLIST_KEY_UIApplicationSceneManifest_Generation = YES;
				INFOPLIST_KEY_UIApplicationSupportsIndirectInputEvents = YES;
				INFOPLIST_KEY_UILaunchScreen_Generation = YES;
				INFOPLIST_KEY_UISupportedInterfaceOrientations_iPad = "UIInterfaceOrientationPortrait UIInterfaceOrientationPortraitUpsideDown UIInterfaceOrientationLandscapeLeft UIInterfaceOrientationLandscapeRight";
				INFOPLIST_KEY_UISupportedInterfaceOrientations_iPhone = "UIInterfaceOrientationPortrait UIInterfaceOrientationLandscapeLeft UIInterfaceOrientationLandscapeRight";
				LD_RUNPATH_SEARCH_PATHS = (
					"$(inherited)",
					"@executable_path/Frameworks",
				);
				MARKETING_VERSION = 1.0;
				PRODUCT_BUNDLE_IDENTIFIER = com.pavandjavali.AisleAssignments;
				PRODUCT_NAME = "$(TARGET_NAME)";
				SWIFT_EMIT_LOC_STRINGS = YES;
				SWIFT_VERSION = 5.0;
				TARGETED_DEVICE_FAMILY = "1,2";
			};
			name = Debug;
		};
		701AE29F2E2961F90065ABB6 /* Release */ = {
			isa = XCBuildConfiguration;
			buildSettings = {
				ASSETCATALOG_COMPILER_APPICON_NAME = AppIcon;
				ASSETCATALOG_COMPILER_GLOBAL_ACCENT_COLOR_NAME = AccentColor;
				CODE_SIGN_STYLE = Automatic;
				CURRENT_PROJECT_VERSION = 1;
				DEVELOPMENT_ASSET_PATHS = "\"AisleAssignments/Preview Content\"";
				DEVELOPMENT_TEAM = H7R28ZNW4Y;
				ENABLE_PREVIEWS = YES;
				GENERATE_INFOPLIST_FILE = YES;
				INFOPLIST_FILE = AisleAssignments/Info.plist;
				INFOPLIST_KEY_UIApplicationSceneManifest_Generation = YES;
				INFOPLIST_KEY_UIApplicationSupportsIndirectInputEvents = YES;
				INFOPLIST_KEY_UILaunchScreen_Generation = YES;
				INFOPLIST_KEY_UISupportedInterfaceOrientations_iPad = "UIInterfaceOrientationPortrait UIInterfaceOrientationPortraitUpsideDown UIInterfaceOrientationLandscapeLeft UIInterfaceOrientationLandscapeRight";
				INFOPLIST_KEY_UISupportedInterfaceOrientations_iPhone = "UIInterfaceOrientationPortrait UIInterfaceOrientationLandscapeLeft UIInterfaceOrientationLandscapeRight";
				LD_RUNPATH_SEARCH_PATHS = (
					"$(inherited)",
					"@executable_path/Frameworks",
				);
				MARKETING_VERSION = 1.0;
				PRODUCT_BUNDLE_IDENTIFIER = com.pavandjavali.AisleAssignments;
				PRODUCT_NAME = "$(TARGET_NAME)";
				SWIFT_EMIT_LOC_STRINGS = YES;
				SWIFT_VERSION = 5.0;
				TARGETED_DEVICE_FAMILY = "1,2";
			};
			name = Release;
		};
		701AE2A12E2961F90065ABB6 /* Debug */ = {
			isa = XCBuildConfiguration;
			buildSettings = {
				ALWAYS_EMBED_SWIFT_STANDARD_LIBRARIES = YES;
				BUNDLE_LOADER = "$(TEST_HOST)";
				CODE_SIGN_STYLE = Automatic;
				CURRENT_PROJECT_VERSION = 1;
				DEVELOPMENT_TEAM = H7R28ZNW4Y;
				GENERATE_INFOPLIST_FILE = YES;
				IPHONEOS_DEPLOYMENT_TARGET = 17.2;
				MARKETING_VERSION = 1.0;
				PRODUCT_BUNDLE_IDENTIFIER = com.pavandjavali.AisleAssignmentsTests;
				PRODUCT_NAME = "$(TARGET_NAME)";
				SWIFT_EMIT_LOC_STRINGS = NO;
				SWIFT_VERSION = 5.0;
				TARGETED_DEVICE_FAMILY = "1,2";
				TEST_HOST = "$(BUILT_PRODUCTS_DIR)/AisleAssignments.app/$(BUNDLE_EXECUTABLE_FOLDER_PATH)/AisleAssignments";
			};
			name = Debug;
		};
		701AE2A22E2961F90065ABB6 /* Release */ = {
			isa = XCBuildConfiguration;
			buildSettings = {
				ALWAYS_EMBED_SWIFT_STANDARD_LIBRARIES = YES;
				BUNDLE_LOADER = "$(TEST_HOST)";
				CODE_SIGN_STYLE = Automatic;
				CURRENT_PROJECT_VERSION = 1;
				DEVELOPMENT_TEAM = H7R28ZNW4Y;
				GENERATE_INFOPLIST_FILE = YES;
				IPHONEOS_DEPLOYMENT_TARGET = 17.2;
				MARKETING_VERSION = 1.0;
				PRODUCT_BUNDLE_IDENTIFIER = com.pavandjavali.AisleAssignmentsTests;
				PRODUCT_NAME = "$(TARGET_NAME)";
				SWIFT_EMIT_LOC_STRINGS = NO;
				SWIFT_VERSION = 5.0;
				TARGETED_DEVICE_FAMILY = "1,2";
				TEST_HOST = "$(BUILT_PRODUCTS_DIR)/AisleAssignments.app/$(BUNDLE_EXECUTABLE_FOLDER_PATH)/AisleAssignments";
			};
			name = Release;
		};
		701AE2A42E2961F90065ABB6 /* Debug */ = {
			isa = XCBuildConfiguration;
			buildSettings = {
				ALWAYS_EMBED_SWIFT_STANDARD_LIBRARIES = YES;
				CODE_SIGN_STYLE = Automatic;
				CURRENT_PROJECT_VERSION = 1;
				DEVELOPMENT_TEAM = H7R28ZNW4Y;
				GENERATE_INFOPLIST_FILE = YES;
				MARKETING_VERSION = 1.0;
				PRODUCT_BUNDLE_IDENTIFIER = com.pavandjavali.AisleAssignmentsUITests;
				PRODUCT_NAME = "$(TARGET_NAME)";
				SWIFT_EMIT_LOC_STRINGS = NO;
				SWIFT_VERSION = 5.0;
				TARGETED_DEVICE_FAMILY = "1,2";
				TEST_TARGET_NAME = AisleAssignments;
			};
			name = Debug;
		};
		701AE2A52E2961F90065ABB6 /* Release */ = {
			isa = XCBuildConfiguration;
			buildSettings = {
				ALWAYS_EMBED_SWIFT_STANDARD_LIBRARIES = YES;
				CODE_SIGN_STYLE = Automatic;
				CURRENT_PROJECT_VERSION = 1;
				DEVELOPMENT_TEAM = H7R28ZNW4Y;
				GENERATE_INFOPLIST_FILE = YES;
				MARKETING_VERSION = 1.0;
				PRODUCT_BUNDLE_IDENTIFIER = com.pavandjavali.AisleAssignmentsUITests;
				PRODUCT_NAME = "$(TARGET_NAME)";
				SWIFT_EMIT_LOC_STRINGS = NO;
				SWIFT_VERSION = 5.0;
				TARGETED_DEVICE_FAMILY = "1,2";
				TEST_TARGET_NAME = AisleAssignments;
			};
			name = Release;
		};
/* End XCBuildConfiguration section */

/* Begin XCConfigurationList section */
		701AE2742E2961F80065ABB6 /* Build configuration list for PBXProject "AisleAssignments" */ = {
			isa = XCConfigurationList;
			buildConfigurations = (
				701AE29B2E2961F90065ABB6 /* Debug */,
				701AE29C2E2961F90065ABB6 /* Release */,
			);
			defaultConfigurationIsVisible = 0;
			defaultConfigurationName = Release;
		};
		701AE29D2E2961F90065ABB6 /* Build configuration list for PBXNativeTarget "AisleAssignments" */ = {
			isa = XCConfigurationList;
			buildConfigurations = (
				701AE29E2E2961F90065ABB6 /* Debug */,
				701AE29F2E2961F90065ABB6 /* Release */,
			);
			defaultConfigurationIsVisible = 0;
			defaultConfigurationName = Release;
		};
		701AE2A02E2961F90065ABB6 /* Build configuration list for PBXNativeTarget "AisleAssignmentsTests" */ = {
			isa = XCConfigurationList;
			buildConfigurations = (
				701AE2A12E2961F90065ABB6 /* Debug */,
				701AE2A22E2961F90065ABB6 /* Release */,
			);
			defaultConfigurationIsVisible = 0;
			defaultConfigurationName = Release;
		};
		701AE2A32E2961F90065ABB6 /* Build configuration list for PBXNativeTarget "AisleAssignmentsUITests" */ = {
			isa = XCConfigurationList;
			buildConfigurations = (
				701AE2A42E2961F90065ABB6 /* Debug */,
				701AE2A52E2961F90065ABB6 /* Release */,
			);
			defaultConfigurationIsVisible = 0;
			defaultConfigurationName = Release;
		};
/* End XCConfigurationList section */
	};
	rootObject = 701AE2712E2961F80065ABB6 /* Project object */;
}
